
Microsoft Visual Studio Solution File, Format Version 12.00
# Visual Studio Version 17
VisualStudioVersion = 17.4.33205.214
MinimumVisualStudioVersion = 10.0.40219.1
Project("{FAE04EC0-301F-11D3-BF4B-00C04F79EFBC}") = "hw7.3", "hw7.3\hw7.3.csproj", "{12B53FC8-DD24-4F4F-B87C-0BC8AF6084C0}"
EndProject
Global
	GlobalSection(SolutionConfigurationPlatforms) = preSolution
		Debug|Any CPU = Debug|Any CPU
		Release|Any CPU = Release|Any CPU
	EndGlobalSection
	GlobalSection(ProjectConfigurationPlatforms) = postSolution
		{12B53FC8-DD24-4F4F-B87C-0BC8AF6084C0}.Debug|Any CPU.ActiveCfg = Debug|Any CPU
		{12B53FC8-DD24-4F4F-B87C-0BC8AF6084C0}.Debug|Any CPU.Build.0 = Debug|Any CPU
		{12B53FC8-DD24-4F4F-B87C-0BC8AF6084C0}.Release|Any CPU.ActiveCfg = Release|Any CPU
		{12B53FC8-DD24-4F4F-B87C-0BC8AF6084C0}.Release|Any CPU.Build.0 = Release|Any CPU
	EndGlobalSection
	GlobalSection(SolutionProperties) = preSolution
		HideSolutionNode = FALSE
	EndGlobalSection
	GlobalSection(ExtensibilityGlobals) = postSolution
		SolutionGuid = {D805E7E0-4689-4BE1-A99C-E4E4982E4A65}
	EndGlobalSection
EndGlobal
